
Microsoft Visual Studio Solution File, Format Version 12.00
# Visual Studio 15
VisualStudioVersion = 15.0.28307.329
MinimumVisualStudioVersion = 10.0.40219.1
Project("{FAE04EC0-301F-11D3-BF4B-00C04F79EFBC}") = "AppTo SouceControl", "AppTo SouceControl\AppTo SouceControl.csproj", "{CF348F85-6EAE-4379-A0AB-81B11F11C23E}"
EndProject
Global
	GlobalSection(SolutionConfigurationPlatforms) = preSolution
		Debug|Any CPU = Debug|Any CPU
		Release|Any CPU = Release|Any CPU
	EndGlobalSection
	GlobalSection(ProjectConfigurationPlatforms) = postSolution
		{CF348F85-6EAE-4379-A0AB-81B11F11C23E}.Debug|Any CPU.ActiveCfg = Debug|Any CPU
		{CF348F85-6EAE-4379-A0AB-81B11F11C23E}.Debug|Any CPU.Build.0 = Debug|Any CPU
		{CF348F85-6EAE-4379-A0AB-81B11F11C23E}.Release|Any CPU.ActiveCfg = Release|Any CPU
		{CF348F85-6EAE-4379-A0AB-81B11F11C23E}.Release|Any CPU.Build.0 = Release|Any CPU
	EndGlobalSection
	GlobalSection(SolutionProperties) = preSolution
		HideSolutionNode = FALSE
	EndGlobalSection
	GlobalSection(ExtensibilityGlobals) = postSolution
		SolutionGuid = {FB45956D-CF14-4C78-9987-E0A8F85CE899}
	EndGlobalSection
EndGlobal
